Microsoft Visual Studio Solution File, Format Version 12.00
# Visual Studio Version 17
VisualStudioVersion = 17.5.2.0
MinimumVisualStudioVersion = 10.0.40219.1
Project("{FAE04EC0-301F-11D3-BF4B-00C04F79EFBC}") = "Microsoft.NET.Sdk.StaticWebAssets.Tasks", "Tasks\Microsoft.NET.Sdk.StaticWebAssets.Tasks.csproj", "{0C12F394-9603-7238-874D-126ADCB44F95}"
EndProject
Project("{FAE04EC0-301F-11D3-BF4B-00C04F79EFBC}") = "Microsoft.NET.Sdk.StaticWebAssets.Tool", "Tool\Microsoft.NET.Sdk.StaticWebAssets.Tool.csproj", "{1BB9E0A9-EBAD-74EF-1169-4EFE03ABFED3}"
EndProject
Global
	GlobalSection(SolutionConfigurationPlatforms) = preSolution
		Debug|Any CPU = Debug|Any CPU
		Release|Any CPU = Release|Any CPU
	EndGlobalSection
	GlobalSection(ProjectConfigurationPlatforms) = postSolution
		{0C12F394-9603-7238-874D-126ADCB44F95}.Debug|Any CPU.ActiveCfg = Debug|Any CPU
		{0C12F394-9603-7238-874D-126ADCB44F95}.Debug|Any CPU.Build.0 = Debug|Any CPU
		{0C12F394-9603-7238-874D-126ADCB44F95}.Release|Any CPU.ActiveCfg = Release|Any CPU
		{0C12F394-9603-7238-874D-126ADCB44F95}.Release|Any CPU.Build.0 = Release|Any CPU
		{1BB9E0A9-EBAD-74EF-1169-4EFE03ABFED3}.Debug|Any CPU.ActiveCfg = Debug|Any CPU
		{1BB9E0A9-EBAD-74EF-1169-4EFE03ABFED3}.Debug|Any CPU.Build.0 = Debug|Any CPU
		{1BB9E0A9-EBAD-74EF-1169-4EFE03ABFED3}.Release|Any CPU.ActiveCfg = Release|Any CPU
		{1BB9E0A9-EBAD-74EF-1169-4EFE03ABFED3}.Release|Any CPU.Build.0 = Release|Any CPU
	EndGlobalSection
	GlobalSection(SolutionProperties) = preSolution
		HideSolutionNode = FALSE
	EndGlobalSection
	GlobalSection(ExtensibilityGlobals) = postSolution
		SolutionGuid = {68E6EBCA-603C-474A-8631-425B9F832FB9}
	EndGlobalSection
EndGlobal
